// !$*UTF8*$!
{
	archiveVersion = 1;
	classes = {
	};
	objectVersion = 46;
	objects = {

/* Begin PBXBuildFile section */
		A81C5BFE189D43FD007A2C9B /* README.md in Resources */ = {isa = PBXBuildFile; fileRef = A81C5BFD189D43FD007A2C9B /* README.md */; };
		A82C2DD918EE44D000AB2AC1 /* sign-in-with-google.png in Resources */ = {isa = PBXBuildFile; fileRef = A82C2DD818EE44D000AB2AC1 /* sign-in-with-google.png */; };
		A839FA3518C9FB720083BA4E /* STProfilAboutViewController.m in Sources */ = {isa = PBXBuildFile; fileRef = A839FA3418C9FB720083BA4E /* STProfilAboutViewController.m */; };
		A85900D8196D739C0084C527 /* STAgendaTableViewController.m in Sources */ = {isa = PBXBuildFile; fileRef = A85900D7196D739C0084C527 /* STAgendaTableViewController.m */; };
		A85C8C2518C2D4100034BD64 /* Localizable.strings in Resources */ = {isa = PBXBuildFile; fileRef = A85C8C2318C2D4100034BD64 /* Localizable.strings */; };
		A861CBEC19443A5E0080DF8A /* STEventsRepository.m in Sources */ = {isa = PBXBuildFile; fileRef = A861CBEB19443A5E0080DF8A /* STEventsRepository.m */; };
		A86266A618F8097D006C10BD /* STSubscriptionsTableViewController.m in Sources */ = {isa = PBXBuildFile; fileRef = A86266A518F8097D006C10BD /* STSubscriptionsTableViewController.m */; };
		A86BCB7D189FB08000943483 /* user.png in Resources */ = {isa = PBXBuildFile; fileRef = A86BCB7C189FB08000943483 /* user.png */; };
		A86E367218ABA0DC00C23C38 /* STSearchViewController.m in Sources */ = {isa = PBXBuildFile; fileRef = A86E367118ABA0DC00C23C38 /* STSearchViewController.m */; };
		A86E367618ABA1AF00C23C38 /* STUserRepository.m in Sources */ = {isa = PBXBuildFile; fileRef = A86E367518ABA1AF00C23C38 /* STUserRepository.m */; };
		A86E367918ABA24F00C23C38 /* Reachability.m in Sources */ = {isa = PBXBuildFile; fileRef = A86E367818ABA24F00C23C38 /* Reachability.m */; };
		A86E367C18ABA9E600C23C38 /* MBProgressHUD.m in Sources */ = {isa = PBXBuildFile; fileRef = A86E367B18ABA9E600C23C38 /* MBProgressHUD.m */; };
		A8774B01189CDFD6000A7E61 /* STSidebarViewController.m in Sources */ = {isa = PBXBuildFile; fileRef = A8774B00189CDFD6000A7E61 /* STSidebarViewController.m */; };
		A8774B06189CE7F8000A7E61 /* STProfilViewController.m in Sources */ = {isa = PBXBuildFile; fileRef = A8774B05189CE7F8000A7E61 /* STProfilViewController.m */; };
		A8774B09189CE871000A7E61 /* STLoginViewController.m in Sources */ = {isa = PBXBuildFile; fileRef = A8774B08189CE871000A7E61 /* STLoginViewController.m */; };
		A87A634819AA4C5A00747F62 /* STConferenceViewController.m in Sources */ = {isa = PBXBuildFile; fileRef = A87A634719AA4C5A00747F62 /* STConferenceViewController.m */; };
		A87A634E19ACB20000747F62 /* STButtonBackground.m in Sources */ = {isa = PBXBuildFile; fileRef = A87A634D19ACB20000747F62 /* STButtonBackground.m */; };
		A887FC80197BE274000B1BE2 /* STSuggestionTableViewCell.m in Sources */ = {isa = PBXBuildFile; fileRef = A887FC7F197BE274000B1BE2 /* STSuggestionTableViewCell.m */; };
		A887FC85197D4F73000B1BE2 /* STSuggestionCollectionViewCell.m in Sources */ = {isa = PBXBuildFile; fileRef = A887FC84197D4F73000B1BE2 /* STSuggestionCollectionViewCell.m */; };
		A887FC87197D86FD000B1BE2 /* QuartzCore.framework in Frameworks */ = {isa = PBXBuildFile; fileRef = A887FC86197D86FD000B1BE2 /* QuartzCore.framework */; };
		A887FC8A197D873D000B1BE2 /* UIScrollView+SVInfiniteScrolling.m in Sources */ = {isa = PBXBuildFile; fileRef = A887FC89197D873D000B1BE2 /* UIScrollView+SVInfiniteScrolling.m */; };
		A887FC9A197D973E000B1BE2 /* NSObject+TLYSwizzlingHelpers.m in Sources */ = {isa = PBXBuildFile; fileRef = A887FC91197D973E000B1BE2 /* NSObject+TLYSwizzlingHelpers.m */; };
		A887FC9B197D973E000B1BE2 /* UIViewController+BetterLayoutGuides.m in Sources */ = {isa = PBXBuildFile; fileRef = A887FC93197D973E000B1BE2 /* UIViewController+BetterLayoutGuides.m */; };
		A887FC9C197D973E000B1BE2 /* TLYDelegateProxy.m in Sources */ = {isa = PBXBuildFile; fileRef = A887FC95197D973E000B1BE2 /* TLYDelegateProxy.m */; };
		A887FC9D197D973E000B1BE2 /* TLYShyNavBarManager.m in Sources */ = {isa = PBXBuildFile; fileRef = A887FC97197D973E000B1BE2 /* TLYShyNavBarManager.m */; };
		A887FC9E197D973E000B1BE2 /* TLYShyViewController.m in Sources */ = {isa = PBXBuildFile; fileRef = A887FC99197D973E000B1BE2 /* TLYShyViewController.m */; };
		A887FCA0197DBDC0000B1BE2 /* page1.png in Resources */ = {isa = PBXBuildFile; fileRef = A887FC9F197DBDC0000B1BE2 /* page1.png */; };
		A88ACFEB18E5AB1000626D92 /* libStreameusAPI.a in Frameworks */ = {isa = PBXBuildFile; fileRef = A88ACFDC18E5A30700626D92 /* libStreameusAPI.a */; };
		A89F094018869ED0008FE4D3 /* Foundation.framework in Frameworks */ = {isa = PBXBuildFile; fileRef = A89F093F18869ED0008FE4D3 /* Foundation.framework */; };
		A89F094218869ED0008FE4D3 /* CoreGraphics.framework in Frameworks */ = {isa = PBXBuildFile; fileRef = A89F094118869ED0008FE4D3 /* CoreGraphics.framework */; };
		A89F094418869ED0008FE4D3 /* UIKit.framework in Frameworks */ = {isa = PBXBuildFile; fileRef = A89F094318869ED0008FE4D3 /* UIKit.framework */; };
		A89F094A18869ED0008FE4D3 /* InfoPlist.strings in Resources */ = {isa = PBXBuildFile; fileRef = A89F094818869ED0008FE4D3 /* InfoPlist.strings */; };
		A89F094C18869ED0008FE4D3 /* main.m in Sources */ = {isa = PBXBuildFile; fileRef = A89F094B18869ED0008FE4D3 /* main.m */; };
		A89F095018869ED0008FE4D3 /* STAppDelegate.m in Sources */ = {isa = PBXBuildFile; fileRef = A89F094F18869ED0008FE4D3 /* STAppDelegate.m */; };
		A89F095318869ED0008FE4D3 /* Main.storyboard in Resources */ = {isa = PBXBuildFile; fileRef = A89F095118869ED0008FE4D3 /* Main.storyboard */; };
		A89F095818869ED0008FE4D3 /* Images.xcassets in Resources */ = {isa = PBXBuildFile; fileRef = A89F095718869ED0008FE4D3 /* Images.xcassets */; };
		A89F095F18869ED0008FE4D3 /* XCTest.framework in Frameworks */ = {isa = PBXBuildFile; fileRef = A89F095E18869ED0008FE4D3 /* XCTest.framework */; };
		A89F096018869ED0008FE4D3 /* Foundation.framework in Frameworks */ = {isa = PBXBuildFile; fileRef = A89F093F18869ED0008FE4D3 /* Foundation.framework */; };
		A89F096118869ED0008FE4D3 /* UIKit.framework in Frameworks */ = {isa = PBXBuildFile; fileRef = A89F094318869ED0008FE4D3 /* UIKit.framework */; };
		A89F096918869ED0008FE4D3 /* InfoPlist.strings in Resources */ = {isa = PBXBuildFile; fileRef = A89F096718869ED0008FE4D3 /* InfoPlist.strings */; };
		A89F096B18869ED0008FE4D3 /* StreameusTests.m in Sources */ = {isa = PBXBuildFile; fileRef = A89F096A18869ED0008FE4D3 /* StreameusTests.m */; };
		A8ACF0681924E48B00C026D9 /* STConferenceTableViewController.m in Sources */ = {isa = PBXBuildFile; fileRef = A8ACF0671924E48B00C026D9 /* STConferenceTableViewController.m */; };
		A8ACF06D1924E71C00C026D9 /* STConferenceRepository.m in Sources */ = {isa = PBXBuildFile; fileRef = A8ACF06C1924E71C00C026D9 /* STConferenceRepository.m */; };
		A8AD03F218F7A03C00AFDD3B /* AsyncImageView.m in Sources */ = {isa = PBXBuildFile; fileRef = A8AD03F118F7A03C00AFDD3B /* AsyncImageView.m */; };
		A8AFDD74197EA70B008FD630 /* page2.png in Resources */ = {isa = PBXBuildFile; fileRef = A8AFDD73197EA70B008FD630 /* page2.png */; };
		A8B115B0189E379F00D83511 /* STIntroViewController.m in Sources */ = {isa = PBXBuildFile; fileRef = A8B115AF189E379F00D83511 /* STIntroViewController.m */; };
		A8B115B3189E380A00D83511 /* STIntroPageViewController.m in Sources */ = {isa = PBXBuildFile; fileRef = A8B115B2189E380A00D83511 /* STIntroPageViewController.m */; };
		A8B115B5189E790600D83511 /* freeios7.com_night-cafe_iphone5.jpg in Resources */ = {isa = PBXBuildFile; fileRef = A8B115B4189E790600D83511 /* freeios7.com_night-cafe_iphone5.jpg */; };
		A8BE5BD5196D7527003D8199 /* STAgendaRepository.m in Sources */ = {isa = PBXBuildFile; fileRef = A8BE5BD4196D7527003D8199 /* STAgendaRepository.m */; };
		A8C8DD4B1952BAC30036B6FD /* STEventTableViewCell.m in Sources */ = {isa = PBXBuildFile; fileRef = A8C8DD4A1952BAC30036B6FD /* STEventTableViewCell.m */; };
		A8D1D465189CBFBA00186B1B /* SWRevealViewController.m in Sources */ = {isa = PBXBuildFile; fileRef = A8D1D464189CBFBA00186B1B /* SWRevealViewController.m */; };
		A8D1D468189CC61000186B1B /* STHomeViewController.m in Sources */ = {isa = PBXBuildFile; fileRef = A8D1D467189CC61000186B1B /* STHomeViewController.m */; };
		A8EB54061957B22B00A15831 /* MMCellBackground.m in Sources */ = {isa = PBXBuildFile; fileRef = A8EB54051957B22B00A15831 /* MMCellBackground.m */; };
		A8EB54191957B5F200A15831 /* common_bg.png in Resources */ = {isa = PBXBuildFile; fileRef = A8EB54101957B5F200A15831 /* common_bg.png */; };
		A8EB541A1957B5F200A15831 /* common_bg@2x.png in Resources */ = {isa = PBXBuildFile; fileRef = A8EB54111957B5F200A15831 /* common_bg@2x.png */; };
		A8F08073189DEEE6005514AB /* Logo_simple_transparent.png in Resources */ = {isa = PBXBuildFile; fileRef = A8F08072189DEEE6005514AB /* Logo_simple_transparent.png */; };
		A8F0807A189E0AEA005514AB /* STAideViewController.m in Sources */ = {isa = PBXBuildFile; fileRef = A8F08079189E0AEA005514AB /* STAideViewController.m */; };
		A8F0807D189E0B0B005514AB /* STEquipeViewController.m in Sources */ = {isa = PBXBuildFile; fileRef = A8F0807C189E0B0B005514AB /* STEquipeViewController.m */; };
		A8F08080189E0B25005514AB /* STAproposViewController.m in Sources */ = {isa = PBXBuildFile; fileRef = A8F0807F189E0B25005514AB /* STAproposViewController.m */; };
		A8F471EA18B7260800CBD8A5 /* SystemConfiguration.framework in Frameworks */ = {isa = PBXBuildFile; fileRef = A8F471E918B7260800CBD8A5 /* SystemConfiguration.framework */; };
/* End PBXBuildFile section */

/* Begin PBXContainerItemProxy section */
		A88ACFDB18E5A30700626D92 /* PBXContainerItemProxy */ = {
			isa = PBXContainerItemProxy;
			containerPortal = A88ACFD618E5A30600626D92 /* StreameusAPI.xcodeproj */;
			proxyType = 2;
			remoteGlobalIDString = A88ACFAD18E5A30600626D92;
			remoteInfo = StreameusAPI;
		};
		A88ACFDD18E5A30700626D92 /* PBXContainerItemProxy */ = {
			isa = PBXContainerItemProxy;
			containerPortal = A88ACFD618E5A30600626D92 /* StreameusAPI.xcodeproj */;
			proxyType = 2;
			remoteGlobalIDString = A88ACFBD18E5A30600626D92;
			remoteInfo = StreameusAPITests;
		};
		A88ACFE918E5AAF900626D92 /* PBXContainerItemProxy */ = {
			isa = PBXContainerItemProxy;
			containerPortal = A88ACFD618E5A30600626D92 /* StreameusAPI.xcodeproj */;
			proxyType = 1;
			remoteGlobalIDString = A88ACFAC18E5A30600626D92;
			remoteInfo = StreameusAPI;
		};
		A89F096218869ED0008FE4D3 /* PBXContainerItemProxy */ = {
			isa = PBXContainerItemProxy;
			containerPortal = A89F093418869ED0008FE4D3 /* Project object */;
			proxyType = 1;
			remoteGlobalIDString = A89F093B18869ED0008FE4D3;
			remoteInfo = Streameus;
		};
/* End PBXContainerItemProxy section */

/* Begin PBXFileReference section */
		A81C5BFD189D43FD007A2C9B /* README.md */ = {isa = PBXFileReference; fileEncoding = 4; lastKnownFileType = text; path = README.md; sourceTree = "<group>"; };
		A82C2DD818EE44D000AB2AC1 /* sign-in-with-google.png */ = {isa = PBXFileReference; lastKnownFileType = image.png; path = "sign-in-with-google.png"; sourceTree = "<group>"; };
		A839FA3318C9FB720083BA4E /* STProfilAboutViewController.h */ = {isa = PBXFileReference; fileEncoding = 4; lastKnownFileType = sourcecode.c.h; path = STProfilAboutViewController.h; sourceTree = "<group>"; };
		A839FA3418C9FB720083BA4E /* STProfilAboutViewController.m */ = {isa = PBXFileReference; fileEncoding = 4; lastKnownFileType = sourcecode.c.objc; path = STProfilAboutViewController.m; sourceTree = "<group>"; };
		A85423D018C2C7A800AA6FF8 /* fr */ = {isa = PBXFileReference; lastKnownFileType = text.plist.strings; name = fr; path = fr.lproj/Main.strings; sourceTree = "<group>"; };
		A85423D118C2C7A800AA6FF8 /* fr */ = {isa = PBXFileReference; lastKnownFileType = text.plist.strings; name = fr; path = fr.lproj/InfoPlist.strings; sourceTree = "<group>"; };
		A85423D218C2C7A800AA6FF8 /* fr */ = {isa = PBXFileReference; lastKnownFileType = text.plist.strings; name = fr; path = fr.lproj/InfoPlist.strings; sourceTree = "<group>"; };
		A85900D6196D739C0084C527 /* STAgendaTableViewController.h */ = {isa = PBXFileReference; fileEncoding = 4; lastKnownFileType = sourcecode.c.h; path = STAgendaTableViewController.h; sourceTree = "<group>"; };
		A85900D7196D739C0084C527 /* STAgendaTableViewController.m */ = {isa = PBXFileReference; fileEncoding = 4; lastKnownFileType = sourcecode.c.objc; path = STAgendaTableViewController.m; sourceTree = "<group>"; };
		A85C8C2418C2D4100034BD64 /* en */ = {isa = PBXFileReference; lastKnownFileType = text.plist.strings; name = en; path = en.lproj/Localizable.strings; sourceTree = "<group>"; };
		A85C8C2618C2D4260034BD64 /* fr */ = {isa = PBXFileReference; lastKnownFileType = text.plist.strings; name = fr; path = fr.lproj/Localizable.strings; sourceTree = "<group>"; };
		A861CBEA19443A5E0080DF8A /* STEventsRepository.h */ = {isa = PBXFileReference; fileEncoding = 4; lastKnownFileType = sourcecode.c.h; path = STEventsRepository.h; sourceTree = "<group>"; };
		A861CBEB19443A5E0080DF8A /* STEventsRepository.m */ = {isa = PBXFileReference; fileEncoding = 4; lastKnownFileType = sourcecode.c.objc; path = STEventsRepository.m; sourceTree = "<group>"; };
		A86266A418F8097D006C10BD /* STSubscriptionsTableViewController.h */ = {isa = PBXFileReference; fileEncoding = 4; lastKnownFileType = sourcecode.c.h; path = STSubscriptionsTableViewController.h; sourceTree = "<group>"; };
		A86266A518F8097D006C10BD /* STSubscriptionsTableViewController.m */ = {isa = PBXFileReference; fileEncoding = 4; lastKnownFileType = sourcecode.c.objc; path = STSubscriptionsTableViewController.m; sourceTree = "<group>"; };
		A86BCB7C189FB08000943483 /* user.png */ = {isa = PBXFileReference; lastKnownFileType = image.png; path = user.png; sourceTree = "<group>"; };
		A86E367018ABA0DC00C23C38 /* STSearchViewController.h */ = {isa = PBXFileReference; fileEncoding = 4; lastKnownFileType = sourcecode.c.h; path = STSearchViewController.h; sourceTree = "<group>"; };
		A86E367118ABA0DC00C23C38 /* STSearchViewController.m */ = {isa = PBXFileReference; fileEncoding = 4; lastKnownFileType = sourcecode.c.objc; path = STSearchViewController.m; sourceTree = "<group>"; };
		A86E367418ABA1AF00C23C38 /* STUserRepository.h */ = {isa = PBXFileReference; fileEncoding = 4; lastKnownFileType = sourcecode.c.h; path = STUserRepository.h; sourceTree = "<group>"; };
		A86E367518ABA1AF00C23C38 /* STUserRepository.m */ = {isa = PBXFileReference; fileEncoding = 4; lastKnownFileType = sourcecode.c.objc; path = STUserRepository.m; sourceTree = "<group>"; };
		A86E367718ABA24F00C23C38 /* Reachability.h */ = {isa = PBXFileReference; fileEncoding = 4; lastKnownFileType = sourcecode.c.h; path = Reachability.h; sourceTree = "<group>"; };
		A86E367818ABA24F00C23C38 /* Reachability.m */ = {isa = PBXFileReference; fileEncoding = 4; lastKnownFileType = sourcecode.c.objc; path = Reachability.m; sourceTree = "<group>"; };
		A86E367A18ABA9E600C23C38 /* MBProgressHUD.h */ = {isa = PBXFileReference; fileEncoding = 4; lastKnownFileType = sourcecode.c.h; path = MBProgressHUD.h; sourceTree = "<group>"; };
		A86E367B18ABA9E600C23C38 /* MBProgressHUD.m */ = {isa = PBXFileReference; fileEncoding = 4; lastKnownFileType = sourcecode.c.objc; path = MBProgressHUD.m; sourceTree = "<group>"; };
		A8774AFF189CDFD6000A7E61 /* STSidebarViewController.h */ = {isa = PBXFileReference; fileEncoding = 4; lastKnownFileType = sourcecode.c.h; path = STSidebarViewController.h; sourceTree = "<group>"; };
		A8774B00189CDFD6000A7E61 /* STSidebarViewController.m */ = {isa = PBXFileReference; fileEncoding = 4; lastKnownFileType = sourcecode.c.objc; path = STSidebarViewController.m; sourceTree = "<group>"; };
		A8774B04189CE7F8000A7E61 /* STProfilViewController.h */ = {isa = PBXFileReference; fileEncoding = 4; lastKnownFileType = sourcecode.c.h; path = STProfilViewController.h; sourceTree = "<group>"; };
		A8774B05189CE7F8000A7E61 /* STProfilViewController.m */ = {isa = PBXFileReference; fileEncoding = 4; lastKnownFileType = sourcecode.c.objc; path = STProfilViewController.m; sourceTree = "<group>"; };
		A8774B07189CE871000A7E61 /* STLoginViewController.h */ = {isa = PBXFileReference; fileEncoding = 4; lastKnownFileType = sourcecode.c.h; path = STLoginViewController.h; sourceTree = "<group>"; };
		A8774B08189CE871000A7E61 /* STLoginViewController.m */ = {isa = PBXFileReference; fileEncoding = 4; lastKnownFileType = sourcecode.c.objc; path = STLoginViewController.m; sourceTree = "<group>"; };
		A87A634619AA4C5900747F62 /* STConferenceViewController.h */ = {isa = PBXFileReference; fileEncoding = 4; lastKnownFileType = sourcecode.c.h; path = STConferenceViewController.h; sourceTree = "<group>"; };
		A87A634719AA4C5A00747F62 /* STConferenceViewController.m */ = {isa = PBXFileReference; fileEncoding = 4; lastKnownFileType = sourcecode.c.objc; path = STConferenceViewController.m; sourceTree = "<group>"; };
		A87A634C19ACB20000747F62 /* STButtonBackground.h */ = {isa = PBXFileReference; fileEncoding = 4; lastKnownFileType = sourcecode.c.h; path = STButtonBackground.h; sourceTree = "<group>"; };
		A87A634D19ACB20000747F62 /* STButtonBackground.m */ = {isa = PBXFileReference; fileEncoding = 4; lastKnownFileType = sourcecode.c.objc; path = STButtonBackground.m; sourceTree = "<group>"; };
		A887FC7E197BE274000B1BE2 /* STSuggestionTableViewCell.h */ = {isa = PBXFileReference; fileEncoding = 4; lastKnownFileType = sourcecode.c.h; path = STSuggestionTableViewCell.h; sourceTree = "<group>"; };
		A887FC7F197BE274000B1BE2 /* STSuggestionTableViewCell.m */ = {isa = PBXFileReference; fileEncoding = 4; lastKnownFileType = sourcecode.c.objc; path = STSuggestionTableViewCell.m; sourceTree = "<group>"; };
		A887FC83197D4F73000B1BE2 /* STSuggestionCollectionViewCell.h */ = {isa = PBXFileReference; fileEncoding = 4; lastKnownFileType = sourcecode.c.h; path = STSuggestionCollectionViewCell.h; sourceTree = "<group>"; };
		A887FC84197D4F73000B1BE2 /* STSuggestionCollectionViewCell.m */ = {isa = PBXFileReference; fileEncoding = 4; lastKnownFileType = sourcecode.c.objc; path = STSuggestionCollectionViewCell.m; sourceTree = "<group>"; };
		A887FC86197D86FD000B1BE2 /* QuartzCore.framework */ = {isa = PBXFileReference; lastKnownFileType = wrapper.framework; name = QuartzCore.framework; path = System/Library/Frameworks/QuartzCore.framework; sourceTree = SDKROOT; };
		A887FC88197D873D000B1BE2 /* UIScrollView+SVInfiniteScrolling.h */ = {isa = PBXFileReference; fileEncoding = 4; lastKnownFileType = sourcecode.c.h; path = "UIScrollView+SVInfiniteScrolling.h"; sourceTree = "<group>"; };
		A887FC89197D873D000B1BE2 /* UIScrollView+SVInfiniteScrolling.m */ = {isa = PBXFileReference; fileEncoding = 4; lastKnownFileType = sourcecode.c.objc; path = "UIScrollView+SVInfiniteScrolling.m"; sourceTree = "<group>"; };
		A887FC90197D973E000B1BE2 /* NSObject+TLYSwizzlingHelpers.h */ = {isa = PBXFileReference; fileEncoding = 4; lastKnownFileType = sourcecode.c.h; path = "NSObject+TLYSwizzlingHelpers.h"; sourceTree = "<group>"; };
		A887FC91197D973E000B1BE2 /* NSObject+TLYSwizzlingHelpers.m */ = {isa = PBXFileReference; fileEncoding = 4; lastKnownFileType = sourcecode.c.objc; path = "NSObject+TLYSwizzlingHelpers.m"; sourceTree = "<group>"; };
		A887FC92197D973E000B1BE2 /* UIViewController+BetterLayoutGuides.h */ = {isa = PBXFileReference; fileEncoding = 4; lastKnownFileType = sourcecode.c.h; path = "UIViewController+BetterLayoutGuides.h"; sourceTree = "<group>"; };
		A887FC93197D973E000B1BE2 /* UIViewController+BetterLayoutGuides.m */ = {isa = PBXFileReference; fileEncoding = 4; lastKnownFileType = sourcecode.c.objc; path = "UIViewController+BetterLayoutGuides.m"; sourceTree = "<group>"; };
		A887FC94197D973E000B1BE2 /* TLYDelegateProxy.h */ = {isa = PBXFileReference; fileEncoding = 4; lastKnownFileType = sourcecode.c.h; path = TLYDelegateProxy.h; sourceTree = "<group>"; };
		A887FC95197D973E000B1BE2 /* TLYDelegateProxy.m */ = {isa = PBXFileReference; fileEncoding = 4; lastKnownFileType = sourcecode.c.objc; path = TLYDelegateProxy.m; sourceTree = "<group>"; };
		A887FC96197D973E000B1BE2 /* TLYShyNavBarManager.h */ = {isa = PBXFileReference; fileEncoding = 4; lastKnownFileType = sourcecode.c.h; path = TLYShyNavBarManager.h; sourceTree = "<group>"; };
		A887FC97197D973E000B1BE2 /* TLYShyNavBarManager.m */ = {isa = PBXFileReference; fileEncoding = 4; lastKnownFileType = sourcecode.c.objc; path = TLYShyNavBarManager.m; sourceTree = "<group>"; };
		A887FC98197D973E000B1BE2 /* TLYShyViewController.h */ = {isa = PBXFileReference; fileEncoding = 4; lastKnownFileType = sourcecode.c.h; path = TLYShyViewController.h; sourceTree = "<group>"; };
		A887FC99197D973E000B1BE2 /* TLYShyViewController.m */ = {isa = PBXFileReference; fileEncoding = 4; lastKnownFileType = sourcecode.c.objc; path = TLYShyViewController.m; sourceTree = "<group>"; };
		A887FC9F197DBDC0000B1BE2 /* page1.png */ = {isa = PBXFileReference; lastKnownFileType = image.png; path = page1.png; sourceTree = "<group>"; };
		A88ACFD618E5A30600626D92 /* StreameusAPI.xcodeproj */ = {isa = PBXFileReference; lastKnownFileType = "wrapper.pb-project"; name = StreameusAPI.xcodeproj; path = StreameusAPI/StreameusAPI.xcodeproj; sourceTree = "<group>"; };
		A89F093C18869ED0008FE4D3 /* Streameus.app */ = {isa = PBXFileReference; explicitFileType = wrapper.application; includeInIndex = 0; path = Streameus.app; sourceTree = BUILT_PRODUCTS_DIR; };
		A89F093F18869ED0008FE4D3 /* Foundation.framework */ = {isa = PBXFileReference; lastKnownFileType = wrapper.framework; name = Foundation.framework; path = System/Library/Frameworks/Foundation.framework; sourceTree = SDKROOT; };
		A89F094118869ED0008FE4D3 /* CoreGraphics.framework */ = {isa = PBXFileReference; lastKnownFileType = wrapper.framework; name = CoreGraphics.framework; path = System/Library/Frameworks/CoreGraphics.framework; sourceTree = SDKROOT; };
		A89F094318869ED0008FE4D3 /* UIKit.framework */ = {isa = PBXFileReference; lastKnownFileType = wrapper.framework; name = UIKit.framework; path = System/Library/Frameworks/UIKit.framework; sourceTree = SDKROOT; };
		A89F094718869ED0008FE4D3 /* Streameus-Info.plist */ = {isa = PBXFileReference; lastKnownFileType = text.plist.xml; path = "Streameus-Info.plist"; sourceTree = "<group>"; };
		A89F094918869ED0008FE4D3 /* en */ = {isa = PBXFileReference; lastKnownFileType = text.plist.strings; name = en; path = en.lproj/InfoPlist.strings; sourceTree = "<group>"; };
		A89F094B18869ED0008FE4D3 /* main.m */ = {isa = PBXFileReference; lastKnownFileType = sourcecode.c.objc; path = main.m; sourceTree = "<group>"; };
		A89F094D18869ED0008FE4D3 /* Streameus-Prefix.pch */ = {isa = PBXFileReference; lastKnownFileType = sourcecode.c.h; path = "Streameus-Prefix.pch"; sourceTree = "<group>"; };
		A89F094E18869ED0008FE4D3 /* STAppDelegate.h */ = {isa = PBXFileReference; lastKnownFileType = sourcecode.c.h; path = STAppDelegate.h; sourceTree = "<group>"; };
		A89F094F18869ED0008FE4D3 /* STAppDelegate.m */ = {isa = PBXFileReference; lastKnownFileType = sourcecode.c.objc; path = STAppDelegate.m; sourceTree = "<group>"; };
		A89F095218869ED0008FE4D3 /* Base */ = {isa = PBXFileReference; lastKnownFileType = file.storyboard; name = Base; path = Base.lproj/Main.storyboard; sourceTree = "<group>"; };
		A89F095718869ED0008FE4D3 /* Images.xcassets */ = {isa = PBXFileReference; lastKnownFileType = folder.assetcatalog; path = Images.xcassets; sourceTree = "<group>"; };
		A89F095D18869ED0008FE4D3 /* StreameusTests.xctest */ = {isa = PBXFileReference; explicitFileType = wrapper.cfbundle; includeInIndex = 0; path = StreameusTests.xctest; sourceTree = BUILT_PRODUCTS_DIR; };
		A89F095E18869ED0008FE4D3 /* XCTest.framework */ = {isa = PBXFileReference; lastKnownFileType = wrapper.framework; name = XCTest.framework; path = Library/Frameworks/XCTest.framework; sourceTree = DEVELOPER_DIR; };
		A89F096618869ED0008FE4D3 /* StreameusTests-Info.plist */ = {isa = PBXFileReference; lastKnownFileType = text.plist.xml; path = "StreameusTests-Info.plist"; sourceTree = "<group>"; };
		A89F096818869ED0008FE4D3 /* en */ = {isa = PBXFileReference; lastKnownFileType = text.plist.strings; name = en; path = en.lproj/InfoPlist.strings; sourceTree = "<group>"; };
		A89F096A18869ED0008FE4D3 /* StreameusTests.m */ = {isa = PBXFileReference; lastKnownFileType = sourcecode.c.objc; path = StreameusTests.m; sourceTree = "<group>"; };
		A8ACF0661924E48B00C026D9 /* STConferenceTableViewController.h */ = {isa = PBXFileReference; fileEncoding = 4; lastKnownFileType = sourcecode.c.h; path = STConferenceTableViewController.h; sourceTree = "<group>"; };
		A8ACF0671924E48B00C026D9 /* STConferenceTableViewController.m */ = {isa = PBXFileReference; fileEncoding = 4; lastKnownFileType = sourcecode.c.objc; path = STConferenceTableViewController.m; sourceTree = "<group>"; };
		A8ACF06B1924E71C00C026D9 /* STConferenceRepository.h */ = {isa = PBXFileReference; fileEncoding = 4; lastKnownFileType = sourcecode.c.h; path = STConferenceRepository.h; sourceTree = "<group>"; };
		A8ACF06C1924E71C00C026D9 /* STConferenceRepository.m */ = {isa = PBXFileReference; fileEncoding = 4; lastKnownFileType = sourcecode.c.objc; path = STConferenceRepository.m; sourceTree = "<group>"; };
		A8AD03F018F7A03C00AFDD3B /* AsyncImageView.h */ = {isa = PBXFileReference; fileEncoding = 4; lastKnownFileType = sourcecode.c.h; path = AsyncImageView.h; sourceTree = "<group>"; };
		A8AD03F118F7A03C00AFDD3B /* AsyncImageView.m */ = {isa = PBXFileReference; fileEncoding = 4; lastKnownFileType = sourcecode.c.objc; path = AsyncImageView.m; sourceTree = "<group>"; };
		A8AFDD73197EA70B008FD630 /* page2.png */ = {isa = PBXFileReference; lastKnownFileType = image.png; path = page2.png; sourceTree = "<group>"; };
		A8B115AE189E379F00D83511 /* STIntroViewController.h */ = {isa = PBXFileReference; fileEncoding = 4; lastKnownFileType = sourcecode.c.h; path = STIntroViewController.h; sourceTree = "<group>"; };
		A8B115AF189E379F00D83511 /* STIntroViewController.m */ = {isa = PBXFileReference; fileEncoding = 4; lastKnownFileType = sourcecode.c.objc; path = STIntroViewController.m; sourceTree = "<group>"; };
		A8B115B1189E380A00D83511 /* STIntroPageViewController.h */ = {isa = PBXFileReference; fileEncoding = 4; lastKnownFileType = sourcecode.c.h; path = STIntroPageViewController.h; sourceTree = "<group>"; };
		A8B115B2189E380A00D83511 /* STIntroPageViewController.m */ = {isa = PBXFileReference; fileEncoding = 4; lastKnownFileType = sourcecode.c.objc; path = STIntroPageViewController.m; sourceTree = "<group>"; };
		A8B115B4189E790600D83511 /* freeios7.com_night-cafe_iphone5.jpg */ = {isa = PBXFileReference; lastKnownFileType = image.jpeg; path = "freeios7.com_night-cafe_iphone5.jpg"; sourceTree = "<group>"; };
		A8BE5BD3196D7527003D8199 /* STAgendaRepository.h */ = {isa = PBXFileReference; fileEncoding = 4; lastKnownFileType = sourcecode.c.h; path = STAgendaRepository.h; sourceTree = "<group>"; };
		A8BE5BD4196D7527003D8199 /* STAgendaRepository.m */ = {isa = PBXFileReference; fileEncoding = 4; lastKnownFileType = sourcecode.c.objc; path = STAgendaRepository.m; sourceTree = "<group>"; };
		A8C8DD491952BAC30036B6FD /* STEventTableViewCell.h */ = {isa = PBXFileReference; fileEncoding = 4; lastKnownFileType = sourcecode.c.h; path = STEventTableViewCell.h; sourceTree = "<group>"; };
		A8C8DD4A1952BAC30036B6FD /* STEventTableViewCell.m */ = {isa = PBXFileReference; fileEncoding = 4; lastKnownFileType = sourcecode.c.objc; path = STEventTableViewCell.m; sourceTree = "<group>"; };
		A8D1D463189CBFBA00186B1B /* SWRevealViewController.h */ = {isa = PBXFileReference; fileEncoding = 4; lastKnownFileType = sourcecode.c.h; path = SWRevealViewController.h; sourceTree = "<group>"; };
		A8D1D464189CBFBA00186B1B /* SWRevealViewController.m */ = {isa = PBXFileReference; fileEncoding = 4; lastKnownFileType = sourcecode.c.objc; path = SWRevealViewController.m; sourceTree = "<group>"; };
		A8D1D466189CC61000186B1B /* STHomeViewController.h */ = {isa = PBXFileReference; fileEncoding = 4; lastKnownFileType = sourcecode.c.h; path = STHomeViewController.h; sourceTree = "<group>"; };
		A8D1D467189CC61000186B1B /* STHomeViewController.m */ = {isa = PBXFileReference; fileEncoding = 4; lastKnownFileType = sourcecode.c.objc; path = STHomeViewController.m; sourceTree = "<group>"; };
		A8EB54041957B22B00A15831 /* MMCellBackground.h */ = {isa = PBXFileReference; fileEncoding = 4; lastKnownFileType = sourcecode.c.h; path = MMCellBackground.h; sourceTree = "<group>"; };
		A8EB54051957B22B00A15831 /* MMCellBackground.m */ = {isa = PBXFileReference; fileEncoding = 4; lastKnownFileType = sourcecode.c.objc; path = MMCellBackground.m; sourceTree = "<group>"; };
		A8EB54101957B5F200A15831 /* common_bg.png */ = {isa = PBXFileReference; lastKnownFileType = image.png; path = common_bg.png; sourceTree = "<group>"; };
		A8EB54111957B5F200A15831 /* common_bg@2x.png */ = {isa = PBXFileReference; lastKnownFileType = image.png; path = "common_bg@2x.png"; sourceTree = "<group>"; };
		A8F08071189DE451005514AB /* Defines.h */ = {isa = PBXFileReference; lastKnownFileType = sourcecode.c.h; path = Defines.h; sourceTree = "<group>"; };
		A8F08072189DEEE6005514AB /* Logo_simple_transparent.png */ = {isa = PBXFileReference; lastKnownFileType = image.png; path = Logo_simple_transparent.png; sourceTree = "<group>"; };
		A8F08078189E0AEA005514AB /* STAideViewController.h */ = {isa = PBXFileReference; fileEncoding = 4; lastKnownFileType = sourcecode.c.h; path = STAideViewController.h; sourceTree = "<group>"; };
		A8F08079189E0AEA005514AB /* STAideViewController.m */ = {isa = PBXFileReference; fileEncoding = 4; lastKnownFileType = sourcecode.c.objc; path = STAideViewController.m; sourceTree = "<group>"; };
		A8F0807B189E0B0B005514AB /* STEquipeViewController.h */ = {isa = PBXFileReference; fileEncoding = 4; lastKnownFileType = sourcecode.c.h; path = STEquipeViewController.h; sourceTree = "<group>"; };
		A8F0807C189E0B0B005514AB /* STEquipeViewController.m */ = {isa = PBXFileReference; fileEncoding = 4; lastKnownFileType = sourcecode.c.objc; path = STEquipeViewController.m; sourceTree = "<group>"; };
		A8F0807E189E0B25005514AB /* STAproposViewController.h */ = {isa = PBXFileReference; fileEncoding = 4; lastKnownFileType = sourcecode.c.h; path = STAproposViewController.h; sourceTree = "<group>"; };
		A8F0807F189E0B25005514AB /* STAproposViewController.m */ = {isa = PBXFileReference; fileEncoding = 4; lastKnownFileType = sourcecode.c.objc; path = STAproposViewController.m; sourceTree = "<group>"; };
		A8F471E918B7260800CBD8A5 /* SystemConfiguration.framework */ = {isa = PBXFileReference; lastKnownFileType = wrapper.framework; name = SystemConfiguration.framework; path = System/Library/Frameworks/SystemConfiguration.framework; sourceTree = SDKROOT; };
/* End PBXFileReference section */

/* Begin PBXFrameworksBuildPhase section */
		A89F093918869ED0008FE4D3 /* Frameworks */ = {
			isa = PBXFrameworksBuildPhase;
			buildActionMask = 2147483647;
			files = (
				A887FC87197D86FD000B1BE2 /* QuartzCore.framework in Frameworks */,
				A88ACFEB18E5AB1000626D92 /* libStreameusAPI.a in Frameworks */,
				A8F471EA18B7260800CBD8A5 /* SystemConfiguration.framework in Frameworks */,
				A89F094218869ED0008FE4D3 /* CoreGraphics.framework in Frameworks */,
				A89F094418869ED0008FE4D3 /* UIKit.framework in Frameworks */,
				A89F094018869ED0008FE4D3 /* Foundation.framework in Frameworks */,
			);
			runOnlyForDeploymentPostprocessing = 0;
		};
		A89F095A18869ED0008FE4D3 /* Frameworks */ = {
			isa = PBXFrameworksBuildPhase;
			buildActionMask = 2147483647;
			files = (
				A89F095F18869ED0008FE4D3 /* XCTest.framework in Frameworks */,
				A89F096118869ED0008FE4D3 /* UIKit.framework in Frameworks */,
				A89F096018869ED0008FE4D3 /* Foundation.framework in Frameworks */,
			);
			runOnlyForDeploymentPostprocessing = 0;
		};
/* End PBXFrameworksBuildPhase section */

/* Begin PBXGroup section */
		A86E366F18AB8FAC00C23C38 /* Tools */ = {
			isa = PBXGroup;
			children = (
				A86E367718ABA24F00C23C38 /* Reachability.h */,
				A86E367818ABA24F00C23C38 /* Reachability.m */,
			);
			name = Tools;
			sourceTree = "<group>";
		};
		A86E367318ABA18000C23C38 /* Repositories */ = {
			isa = PBXGroup;
			children = (
				A86E367418ABA1AF00C23C38 /* STUserRepository.h */,
				A86E367518ABA1AF00C23C38 /* STUserRepository.m */,
				A8ACF06B1924E71C00C026D9 /* STConferenceRepository.h */,
				A8ACF06C1924E71C00C026D9 /* STConferenceRepository.m */,
				A861CBEA19443A5E0080DF8A /* STEventsRepository.h */,
				A861CBEB19443A5E0080DF8A /* STEventsRepository.m */,
				A8BE5BD3196D7527003D8199 /* STAgendaRepository.h */,
				A8BE5BD4196D7527003D8199 /* STAgendaRepository.m */,
			);
			name = Repositories;
			sourceTree = "<group>";
		};
		A8774B02189CDFF4000A7E61 /* Controllers */ = {
			isa = PBXGroup;
			children = (
				A85900D6196D739C0084C527 /* STAgendaTableViewController.h */,
				A85900D7196D739C0084C527 /* STAgendaTableViewController.m */,
				A8F08078189E0AEA005514AB /* STAideViewController.h */,
				A8F08079189E0AEA005514AB /* STAideViewController.m */,
				A8F0807E189E0B25005514AB /* STAproposViewController.h */,
				A8F0807F189E0B25005514AB /* STAproposViewController.m */,
				A8ACF0661924E48B00C026D9 /* STConferenceTableViewController.h */,
				A8ACF0671924E48B00C026D9 /* STConferenceTableViewController.m */,
				A87A634619AA4C5900747F62 /* STConferenceViewController.h */,
				A87A634719AA4C5A00747F62 /* STConferenceViewController.m */,
				A8F0807B189E0B0B005514AB /* STEquipeViewController.h */,
				A8F0807C189E0B0B005514AB /* STEquipeViewController.m */,
				A8D1D466189CC61000186B1B /* STHomeViewController.h */,
				A8D1D467189CC61000186B1B /* STHomeViewController.m */,
				A8B115B1189E380A00D83511 /* STIntroPageViewController.h */,
				A8B115B2189E380A00D83511 /* STIntroPageViewController.m */,
				A8B115AE189E379F00D83511 /* STIntroViewController.h */,
				A8B115AF189E379F00D83511 /* STIntroViewController.m */,
				A8774B07189CE871000A7E61 /* STLoginViewController.h */,
				A8774B08189CE871000A7E61 /* STLoginViewController.m */,
				A839FA3318C9FB720083BA4E /* STProfilAboutViewController.h */,
				A839FA3418C9FB720083BA4E /* STProfilAboutViewController.m */,
				A8774B04189CE7F8000A7E61 /* STProfilViewController.h */,
				A8774B05189CE7F8000A7E61 /* STProfilViewController.m */,
				A86E367018ABA0DC00C23C38 /* STSearchViewController.h */,
				A86E367118ABA0DC00C23C38 /* STSearchViewController.m */,
				A8774AFF189CDFD6000A7E61 /* STSidebarViewController.h */,
				A8774B00189CDFD6000A7E61 /* STSidebarViewController.m */,
				A86266A418F8097D006C10BD /* STSubscriptionsTableViewController.h */,
				A86266A518F8097D006C10BD /* STSubscriptionsTableViewController.m */,
			);
			name = Controllers;
			sourceTree = "<group>";
		};
		A8774B03189CE5A1000A7E61 /* Views */ = {
			isa = PBXGroup;
			children = (
				A89F095118869ED0008FE4D3 /* Main.storyboard */,
			);
			name = Views;
			sourceTree = "<group>";
		};
		A887FC8E197D973E000B1BE2 /* TLYShyNavBar */ = {
			isa = PBXGroup;
			children = (
				A887FC8F197D973E000B1BE2 /* Categories */,
				A887FC94197D973E000B1BE2 /* TLYDelegateProxy.h */,
				A887FC95197D973E000B1BE2 /* TLYDelegateProxy.m */,
				A887FC96197D973E000B1BE2 /* TLYShyNavBarManager.h */,
				A887FC97197D973E000B1BE2 /* TLYShyNavBarManager.m */,
				A887FC98197D973E000B1BE2 /* TLYShyViewController.h */,
				A887FC99197D973E000B1BE2 /* TLYShyViewController.m */,
			);
			path = TLYShyNavBar;
			sourceTree = "<group>";
		};
		A887FC8F197D973E000B1BE2 /* Categories */ = {
			isa = PBXGroup;
			children = (
				A887FC90197D973E000B1BE2 /* NSObject+TLYSwizzlingHelpers.h */,
				A887FC91197D973E000B1BE2 /* NSObject+TLYSwizzlingHelpers.m */,
				A887FC92197D973E000B1BE2 /* UIViewController+BetterLayoutGuides.h */,
				A887FC93197D973E000B1BE2 /* UIViewController+BetterLayoutGuides.m */,
			);
			path = Categories;
			sourceTree = "<group>";
		};
		A88ACFD718E5A30600626D92 /* Products */ = {
			isa = PBXGroup;
			children = (
				A88ACFDC18E5A30700626D92 /* libStreameusAPI.a */,
				A88ACFDE18E5A30700626D92 /* StreameusAPITests.xctest */,
			);
			name = Products;
			sourceTree = "<group>";
		};
		A89F093318869ED0008FE4D3 = {
			isa = PBXGroup;
			children = (
				A81C5BFD189D43FD007A2C9B /* README.md */,
				A88ACFD618E5A30600626D92 /* StreameusAPI.xcodeproj */,
				A89F094518869ED0008FE4D3 /* Streameus */,
				A89F096418869ED0008FE4D3 /* StreameusTests */,
				A89F093E18869ED0008FE4D3 /* Frameworks */,
				A89F093D18869ED0008FE4D3 /* Products */,
			);
			sourceTree = "<group>";
		};
		A89F093D18869ED0008FE4D3 /* Products */ = {
			isa = PBXGroup;
			children = (
				A89F093C18869ED0008FE4D3 /* Streameus.app */,
				A89F095D18869ED0008FE4D3 /* StreameusTests.xctest */,
			);
			name = Products;
			sourceTree = "<group>";
		};
		A89F093E18869ED0008FE4D3 /* Frameworks */ = {
			isa = PBXGroup;
			children = (
				A887FC86197D86FD000B1BE2 /* QuartzCore.framework */,
				A8F471E918B7260800CBD8A5 /* SystemConfiguration.framework */,
				A89F093F18869ED0008FE4D3 /* Foundation.framework */,
				A89F094118869ED0008FE4D3 /* CoreGraphics.framework */,
				A89F094318869ED0008FE4D3 /* UIKit.framework */,
				A89F095E18869ED0008FE4D3 /* XCTest.framework */,
			);
			name = Frameworks;
			sourceTree = "<group>";
		};
		A89F094518869ED0008FE4D3 /* Streameus */ = {
			isa = PBXGroup;
			children = (
				A8C8DD461952B7B10036B6FD /* Classes */,
				A8774B02189CDFF4000A7E61 /* Controllers */,
				A8F08074189DEEEA005514AB /* Images */,
				A89F095718869ED0008FE4D3 /* Images.xcassets */,
				A8D1D462189CBF7D00186B1B /* Library */,
				A86E367318ABA18000C23C38 /* Repositories */,
				A89F094E18869ED0008FE4D3 /* STAppDelegate.h */,
				A89F094F18869ED0008FE4D3 /* STAppDelegate.m */,
				A89F094618869ED0008FE4D3 /* Supporting Files */,
				A86E366F18AB8FAC00C23C38 /* Tools */,
				A8774B03189CE5A1000A7E61 /* Views */,
			);
			path = Streameus;
			sourceTree = "<group>";
		};
		A89F094618869ED0008FE4D3 /* Supporting Files */ = {
			isa = PBXGroup;
			children = (
				A85C8C2318C2D4100034BD64 /* Localizable.strings */,
				A89F094718869ED0008FE4D3 /* Streameus-Info.plist */,
				A89F094818869ED0008FE4D3 /* InfoPlist.strings */,
				A89F094B18869ED0008FE4D3 /* main.m */,
				A89F094D18869ED0008FE4D3 /* Streameus-Prefix.pch */,
				A8F08071189DE451005514AB /* Defines.h */,
			);
			name = "Supporting Files";
			sourceTree = "<group>";
		};
		A89F096418869ED0008FE4D3 /* StreameusTests */ = {
			isa = PBXGroup;
			children = (
				A89F096A18869ED0008FE4D3 /* StreameusTests.m */,
				A89F096518869ED0008FE4D3 /* Supporting Files */,
			);
			path = StreameusTests;
			sourceTree = "<group>";
		};
		A89F096518869ED0008FE4D3 /* Supporting Files */ = {
			isa = PBXGroup;
			children = (
				A89F096618869ED0008FE4D3 /* StreameusTests-Info.plist */,
				A89F096718869ED0008FE4D3 /* InfoPlist.strings */,
			);
			name = "Supporting Files";
			sourceTree = "<group>";
		};
		A8C8DD461952B7B10036B6FD /* Classes */ = {
			isa = PBXGroup;
			children = (
				A8EB54041957B22B00A15831 /* MMCellBackground.h */,
				A8EB54051957B22B00A15831 /* MMCellBackground.m */,
				A8C8DD491952BAC30036B6FD /* STEventTableViewCell.h */,
				A8C8DD4A1952BAC30036B6FD /* STEventTableViewCell.m */,
				A887FC7E197BE274000B1BE2 /* STSuggestionTableViewCell.h */,
				A887FC7F197BE274000B1BE2 /* STSuggestionTableViewCell.m */,
				A887FC83197D4F73000B1BE2 /* STSuggestionCollectionViewCell.h */,
				A887FC84197D4F73000B1BE2 /* STSuggestionCollectionViewCell.m */,
				A87A634C19ACB20000747F62 /* STButtonBackground.h */,
				A87A634D19ACB20000747F62 /* STButtonBackground.m */,
			);
			name = Classes;
			sourceTree = "<group>";
		};
		A8D1D462189CBF7D00186B1B /* Library */ = {
			isa = PBXGroup;
			children = (
				A887FC8E197D973E000B1BE2 /* TLYShyNavBar */,
				A887FC88197D873D000B1BE2 /* UIScrollView+SVInfiniteScrolling.h */,
				A887FC89197D873D000B1BE2 /* UIScrollView+SVInfiniteScrolling.m */,
				A8AD03F018F7A03C00AFDD3B /* AsyncImageView.h */,
				A8AD03F118F7A03C00AFDD3B /* AsyncImageView.m */,
				A86E367A18ABA9E600C23C38 /* MBProgressHUD.h */,
				A86E367B18ABA9E600C23C38 /* MBProgressHUD.m */,
				A8D1D463189CBFBA00186B1B /* SWRevealViewController.h */,
				A8D1D464189CBFBA00186B1B /* SWRevealViewController.m */,
			);
			name = Library;
			sourceTree = "<group>";
		};
		A8F08074189DEEEA005514AB /* Images */ = {
			isa = PBXGroup;
			children = (
				A8AFDD73197EA70B008FD630 /* page2.png */,
				A887FC9F197DBDC0000B1BE2 /* page1.png */,
				A8EB54101957B5F200A15831 /* common_bg.png */,
				A8EB54111957B5F200A15831 /* common_bg@2x.png */,
				A82C2DD818EE44D000AB2AC1 /* sign-in-with-google.png */,
				A86BCB7C189FB08000943483 /* user.png */,
				A8B115B4189E790600D83511 /* freeios7.com_night-cafe_iphone5.jpg */,
				A8F08072189DEEE6005514AB /* Logo_simple_transparent.png */,
			);
			name = Images;
			sourceTree = "<group>";
		};
/* End PBXGroup section */

/* Begin PBXNativeTarget section */
		A89F093B18869ED0008FE4D3 /* Streameus */ = {
			isa = PBXNativeTarget;
			buildConfigurationList = A89F096E18869ED0008FE4D3 /* Build configuration list for PBXNativeTarget "Streameus" */;
			buildPhases = (
				A89F093818869ED0008FE4D3 /* Sources */,
				A89F093918869ED0008FE4D3 /* Frameworks */,
				A89F093A18869ED0008FE4D3 /* Resources */,
				A85423D318C2CC3E00AA6FF8 /* ShellScript */,
				A85C8C2718C2D4EE0034BD64 /* ShellScript */,
				A86AF4A718EFA13300285A5F /* ShellScript */,
			);
			buildRules = (
			);
			dependencies = (
				A88ACFEA18E5AAF900626D92 /* PBXTargetDependency */,
			);
			name = Streameus;
			productName = Streameus;
			productReference = A89F093C18869ED0008FE4D3 /* Streameus.app */;
			productType = "com.apple.product-type.application";
		};
		A89F095C18869ED0008FE4D3 /* StreameusTests */ = {
			isa = PBXNativeTarget;
			buildConfigurationList = A89F097118869ED0008FE4D3 /* Build configuration list for PBXNativeTarget "StreameusTests" */;
			buildPhases = (
				A89F095918869ED0008FE4D3 /* Sources */,
				A89F095A18869ED0008FE4D3 /* Frameworks */,
				A89F095B18869ED0008FE4D3 /* Resources */,
			);
			buildRules = (
			);
			dependencies = (
				A89F096318869ED0008FE4D3 /* PBXTargetDependency */,
			);
			name = StreameusTests;
			productName = StreameusTests;
			productReference = A89F095D18869ED0008FE4D3 /* StreameusTests.xctest */;
			productType = "com.apple.product-type.bundle.unit-test";
		};
/* End PBXNativeTarget section */

/* Begin PBXProject section */
		A89F093418869ED0008FE4D3 /* Project object */ = {
			isa = PBXProject;
			attributes = {
				CLASSPREFIX = ST;
				LastUpgradeCheck = 0510;
				ORGANIZATIONNAME = Streameus;
				TargetAttributes = {
					A89F095C18869ED0008FE4D3 = {
						TestTargetID = A89F093B18869ED0008FE4D3;
					};
				};
			};
			buildConfigurationList = A89F093718869ED0008FE4D3 /* Build configuration list for PBXProject "Streameus" */;
			compatibilityVersion = "Xcode 3.2";
			developmentRegion = English;
			hasScannedForEncodings = 0;
			knownRegions = (
				en,
				Base,
				fr,
			);
			mainGroup = A89F093318869ED0008FE4D3;
			productRefGroup = A89F093D18869ED0008FE4D3 /* Products */;
			projectDirPath = "";
			projectReferences = (
				{
					ProductGroup = A88ACFD718E5A30600626D92 /* Products */;
					ProjectRef = A88ACFD618E5A30600626D92 /* StreameusAPI.xcodeproj */;
				},
			);
			projectRoot = "";
			targets = (
				A89F093B18869ED0008FE4D3 /* Streameus */,
				A89F095C18869ED0008FE4D3 /* StreameusTests */,
			);
		};
/* End PBXProject section */

/* Begin PBXReferenceProxy section */
		A88ACFDC18E5A30700626D92 /* libStreameusAPI.a */ = {
			isa = PBXReferenceProxy;
			fileType = archive.ar;
			path = libStreameusAPI.a;
			remoteRef = A88ACFDB18E5A30700626D92 /* PBXContainerItemProxy */;
			sourceTree = BUILT_PRODUCTS_DIR;
		};
		A88ACFDE18E5A30700626D92 /* StreameusAPITests.xctest */ = {
			isa = PBXReferenceProxy;
			fileType = wrapper.cfbundle;
			path = StreameusAPITests.xctest;
			remoteRef = A88ACFDD18E5A30700626D92 /* PBXContainerItemProxy */;
			sourceTree = BUILT_PRODUCTS_DIR;
		};
/* End PBXReferenceProxy section */

/* Begin PBXResourcesBuildPhase section */
		A89F093A18869ED0008FE4D3 /* Resources */ = {
			isa = PBXResourcesBuildPhase;
			buildActionMask = 2147483647;
			files = (
				A89F095818869ED0008FE4D3 /* Images.xcassets in Resources */,
				A8AFDD74197EA70B008FD630 /* page2.png in Resources */,
				A8B115B5189E790600D83511 /* freeios7.com_night-cafe_iphone5.jpg in Resources */,
				A887FCA0197DBDC0000B1BE2 /* page1.png in Resources */,
				A89F094A18869ED0008FE4D3 /* InfoPlist.strings in Resources */,
				A81C5BFE189D43FD007A2C9B /* README.md in Resources */,
				A86BCB7D189FB08000943483 /* user.png in Resources */,
				A82C2DD918EE44D000AB2AC1 /* sign-in-with-google.png in Resources */,
				A85C8C2518C2D4100034BD64 /* Localizable.strings in Resources */,
				A89F095318869ED0008FE4D3 /* Main.storyboard in Resources */,
				A8EB541A1957B5F200A15831 /* common_bg@2x.png in Resources */,
				A8F08073189DEEE6005514AB /* Logo_simple_transparent.png in Resources */,
				A8EB54191957B5F200A15831 /* common_bg.png in Resources */,
			);
			runOnlyForDeploymentPostprocessing = 0;
		};
		A89F095B18869ED0008FE4D3 /* Resources */ = {
			isa = PBXResourcesBuildPhase;
			buildActionMask = 2147483647;
			files = (
				A89F096918869ED0008FE4D3 /* InfoPlist.strings in Resources */,
			);
			runOnlyForDeploymentPostprocessing = 0;
		};
/* End PBXResourcesBuildPhase section */

/* Begin PBXShellScriptBuildPhase section */
		A85423D318C2CC3E00AA6FF8 /* ShellScript */ = {
			isa = PBXShellScriptBuildPhase;
			buildActionMask = 2147483647;
			files = (
			);
			inputPaths = (
			);
			outputPaths = (
			);
			runOnlyForDeploymentPostprocessing = 0;
			shellPath = /bin/sh;
			shellScript = "${PROJECT_DIR}/scripts/update_storyboard_strings.sh";
			showEnvVarsInLog = 0;
		};
		A85C8C2718C2D4EE0034BD64 /* ShellScript */ = {
			isa = PBXShellScriptBuildPhase;
			buildActionMask = 2147483647;
			files = (
			);
			inputPaths = (
			);
			outputPaths = (
			);
			runOnlyForDeploymentPostprocessing = 0;
			shellPath = /bin/sh;
			shellScript = "find . -name \\*.m | xargs genstrings -o ${PROJECT_DIR}/${PROJECT_NAME}/en.lproj";
			showEnvVarsInLog = 0;
		};
		A86AF4A718EFA13300285A5F /* ShellScript */ = {
			isa = PBXShellScriptBuildPhase;
			buildActionMask = 2147483647;
			files = (
			);
			inputPaths = (
			);
			outputPaths = (
			);
			runOnlyForDeploymentPostprocessing = 0;
			shellPath = /bin/sh;
			shellScript = "KEYWORDS=\"@?TODO|FIXME|\\?\\?\\?:|\\!\\!\\!:\"\nfind \"${SRCROOT}\" \\( -name \"*.h\" -or -name \"*.m\" \\) -print0 | xargs -0 egrep --with-filename --line-number --only-matching \"($KEYWORDS).*\\$\" | perl -p -e \"s/($KEYWORDS)/ warning: \\$1/\"";
			showEnvVarsInLog = 0;
		};
/* End PBXShellScriptBuildPhase section */

/* Begin PBXSourcesBuildPhase section */
		A89F093818869ED0008FE4D3 /* Sources */ = {
			isa = PBXSourcesBuildPhase;
			buildActionMask = 2147483647;
			files = (
				A8B115B0189E379F00D83511 /* STIntroViewController.m in Sources */,
				A8C8DD4B1952BAC30036B6FD /* STEventTableViewCell.m in Sources */,
				A86E367618ABA1AF00C23C38 /* STUserRepository.m in Sources */,
				A887FC80197BE274000B1BE2 /* STSuggestionTableViewCell.m in Sources */,
				A8BE5BD5196D7527003D8199 /* STAgendaRepository.m in Sources */,
				A839FA3518C9FB720083BA4E /* STProfilAboutViewController.m in Sources */,
				A8774B01189CDFD6000A7E61 /* STSidebarViewController.m in Sources */,
				A8F0807A189E0AEA005514AB /* STAideViewController.m in Sources */,
				A887FC85197D4F73000B1BE2 /* STSuggestionCollectionViewCell.m in Sources */,
				A8774B06189CE7F8000A7E61 /* STProfilViewController.m in Sources */,
				A86E367C18ABA9E600C23C38 /* MBProgressHUD.m in Sources */,
				A8D1D468189CC61000186B1B /* STHomeViewController.m in Sources */,
				A887FC9B197D973E000B1BE2 /* UIViewController+BetterLayoutGuides.m in Sources */,
				A89F094C18869ED0008FE4D3 /* main.m in Sources */,
				A887FC8A197D873D000B1BE2 /* UIScrollView+SVInfiniteScrolling.m in Sources */,
				A861CBEC19443A5E0080DF8A /* STEventsRepository.m in Sources */,
				A887FC9C197D973E000B1BE2 /* TLYDelegateProxy.m in Sources */,
				A8AD03F218F7A03C00AFDD3B /* AsyncImageView.m in Sources */,
				A8B115B3189E380A00D83511 /* STIntroPageViewController.m in Sources */,
				A89F095018869ED0008FE4D3 /* STAppDelegate.m in Sources */,
				A887FC9E197D973E000B1BE2 /* TLYShyViewController.m in Sources */,
				A8ACF06D1924E71C00C026D9 /* STConferenceRepository.m in Sources */,
				A887FC9D197D973E000B1BE2 /* TLYShyNavBarManager.m in Sources */,
				A8774B09189CE871000A7E61 /* STLoginViewController.m in Sources */,
				A8F0807D189E0B0B005514AB /* STEquipeViewController.m in Sources */,
				A86266A618F8097D006C10BD /* STSubscriptionsTableViewController.m in Sources */,
				A887FC9A197D973E000B1BE2 /* NSObject+TLYSwizzlingHelpers.m in Sources */,
				A8F08080189E0B25005514AB /* STAproposViewController.m in Sources */,
				A8D1D465189CBFBA00186B1B /* SWRevealViewController.m in Sources */,
				A86E367918ABA24F00C23C38 /* Reachability.m in Sources */,
				A8EB54061957B22B00A15831 /* MMCellBackground.m in Sources */,
				A87A634819AA4C5A00747F62 /* STConferenceViewController.m in Sources */,
				A8ACF0681924E48B00C026D9 /* STConferenceTableViewController.m in Sources */,
				A85900D8196D739C0084C527 /* STAgendaTableViewController.m in Sources */,
				A87A634E19ACB20000747F62 /* STButtonBackground.m in Sources */,
				A86E367218ABA0DC00C23C38 /* STSearchViewController.m in Sources */,
			);
			runOnlyForDeploymentPostprocessing = 0;
		};
		A89F095918869ED0008FE4D3 /* Sources */ = {
			isa = PBXSourcesBuildPhase;
			buildActionMask = 2147483647;
			files = (
				A89F096B18869ED0008FE4D3 /* StreameusTests.m in Sources */,
			);
			runOnlyForDeploymentPostprocessing = 0;
		};
/* End PBXSourcesBuildPhase section */

/* Begin PBXTargetDependency section */
		A88ACFEA18E5AAF900626D92 /* PBXTargetDependency */ = {
			isa = PBXTargetDependency;
			name = StreameusAPI;
			targetProxy = A88ACFE918E5AAF900626D92 /* PBXContainerItemProxy */;
		};
		A89F096318869ED0008FE4D3 /* PBXTargetDependency */ = {
			isa = PBXTargetDependency;
			target = A89F093B18869ED0008FE4D3 /* Streameus */;
			targetProxy = A89F096218869ED0008FE4D3 /* PBXContainerItemProxy */;
		};
/* End PBXTargetDependency section */

/* Begin PBXVariantGroup section */
		A85C8C2318C2D4100034BD64 /* Localizable.strings */ = {
			isa = PBXVariantGroup;
			children = (
				A85C8C2418C2D4100034BD64 /* en */,
				A85C8C2618C2D4260034BD64 /* fr */,
			);
			name = Localizable.strings;
			sourceTree = "<group>";
		};
		A89F094818869ED0008FE4D3 /* InfoPlist.strings */ = {
			isa = PBXVariantGroup;
			children = (
				A89F094918869ED0008FE4D3 /* en */,
				A85423D118C2C7A800AA6FF8 /* fr */,
			);
			name = InfoPlist.strings;
			sourceTree = "<group>";
		};
		A89F095118869ED0008FE4D3 /* Main.storyboard */ = {
			isa = PBXVariantGroup;
			children = (
				A89F095218869ED0008FE4D3 /* Base */,
				A85423D018C2C7A800AA6FF8 /* fr */,
			);
			name = Main.storyboard;
			sourceTree = "<group>";
		};
		A89F096718869ED0008FE4D3 /* InfoPlist.strings */ = {
			isa = PBXVariantGroup;
			children = (
				A89F096818869ED0008FE4D3 /* en */,
				A85423D218C2C7A800AA6FF8 /* fr */,
			);
			name = InfoPlist.strings;
			sourceTree = "<group>";
		};
/* End PBXVariantGroup section */

/* Begin XCBuildConfiguration section */
		A89F096C18869ED0008FE4D3 /* Debug */ = {
			isa = XCBuildConfiguration;
			buildSettings = {
				ALWAYS_SEARCH_USER_PATHS = NO;
				CLANG_CXX_LANGUAGE_STANDARD = "gnu++0x";
				CLANG_CXX_LIBRARY = "libc++";
				CLANG_ENABLE_MODULES = YES;
				CLANG_ENABLE_OBJC_ARC = YES;
				CLANG_WARN_BOOL_CONVERSION = YES;
				CLANG_WARN_CONSTANT_CONVERSION = YES;
				CLANG_WARN_DIRECT_OBJC_ISA_USAGE = YES_ERROR;
				CLANG_WARN_EMPTY_BODY = YES;
				CLANG_WARN_ENUM_CONVERSION = YES;
				CLANG_WARN_INT_CONVERSION = YES;
				CLANG_WARN_OBJC_ROOT_CLASS = YES_ERROR;
				CLANG_WARN__DUPLICATE_METHOD_MATCH = YES;
				CODE_SIGN_IDENTITY = "iPhone Developer";
				"CODE_SIGN_IDENTITY[sdk=iphoneos*]" = "iPhone Developer";
				COPY_PHASE_STRIP = NO;
				GCC_C_LANGUAGE_STANDARD = gnu99;
				GCC_DYNAMIC_NO_PIC = NO;
				GCC_OPTIMIZATION_LEVEL = 0;
				GCC_PREPROCESSOR_DEFINITIONS = (
					"DEBUG=1",
					"$(inherited)",
				);
				GCC_SYMBOLS_PRIVATE_EXTERN = NO;
				GCC_WARN_64_TO_32_BIT_CONVERSION = YES;
				GCC_WARN_ABOUT_RETURN_TYPE = YES_ERROR;
				GCC_WARN_UNDECLARED_SELECTOR = YES;
				GCC_WARN_UNINITIALIZED_AUTOS = YES;
				GCC_WARN_UNUSED_FUNCTION = YES;
				GCC_WARN_UNUSED_VARIABLE = YES;
				IPHONEOS_DEPLOYMENT_TARGET = 7.0;
				ONLY_ACTIVE_ARCH = YES;
				OTHER_CODE_SIGN_FLAGS = "-gta";
				SDKROOT = iphoneos;
			};
			name = Debug;
		};
		A89F096D18869ED0008FE4D3 /* Release */ = {
			isa = XCBuildConfiguration;
			buildSettings = {
				ALWAYS_SEARCH_USER_PATHS = NO;
				CLANG_CXX_LANGUAGE_STANDARD = "gnu++0x";
				CLANG_CXX_LIBRARY = "libc++";
				CLANG_ENABLE_MODULES = YES;
				CLANG_ENABLE_OBJC_ARC = YES;
				CLANG_WARN_BOOL_CONVERSION = YES;
				CLANG_WARN_CONSTANT_CONVERSION = YES;
				CLANG_WARN_DIRECT_OBJC_ISA_USAGE = YES_ERROR;
				CLANG_WARN_EMPTY_BODY = YES;
				CLANG_WARN_ENUM_CONVERSION = YES;
				CLANG_WARN_INT_CONVERSION = YES;
				CLANG_WARN_OBJC_ROOT_CLASS = YES_ERROR;
				CLANG_WARN__DUPLICATE_METHOD_MATCH = YES;
				CODE_SIGN_IDENTITY = "iPhone Developer";
				"CODE_SIGN_IDENTITY[sdk=iphoneos*]" = "iPhone Developer";
				COPY_PHASE_STRIP = YES;
				ENABLE_NS_ASSERTIONS = NO;
				GCC_C_LANGUAGE_STANDARD = gnu99;
				GCC_WARN_64_TO_32_BIT_CONVERSION = YES;
				GCC_WARN_ABOUT_RETURN_TYPE = YES_ERROR;
				GCC_WARN_UNDECLARED_SELECTOR = YES;
				GCC_WARN_UNINITIALIZED_AUTOS = YES;
				GCC_WARN_UNUSED_FUNCTION = YES;
				GCC_WARN_UNUSED_VARIABLE = YES;
				IPHONEOS_DEPLOYMENT_TARGET = 7.0;
				OTHER_CODE_SIGN_FLAGS = "-gta";
				SDKROOT = iphoneos;
				VALIDATE_PRODUCT = YES;
			};
			name = Release;
		};
		A89F096F18869ED0008FE4D3 /* Debug */ = {
			isa = XCBuildConfiguration;
			buildSettings = {
				ASSETCATALOG_COMPILER_APPICON_NAME = AppIcon;
				ASSETCATALOG_COMPILER_LAUNCHIMAGE_NAME = LaunchImage;
				CODE_SIGN_IDENTITY = "iPhone Developer";
				GCC_PRECOMPILE_PREFIX_HEADER = YES;
				GCC_PREFIX_HEADER = "Streameus/Streameus-Prefix.pch";
				HEADER_SEARCH_PATHS = (
					"$(inherited)",
					/Applications/Xcode.app/Contents/Developer/Toolchains/XcodeDefault.xctoolchain/usr/include,
					$SOURCE_ROOT/include,
				);
				INFOPLIST_FILE = "Streameus/Streameus-Info.plist";
				OTHER_CODE_SIGN_FLAGS = "-gta";
				OTHER_LDFLAGS = "-ObjC";
				PRODUCT_NAME = "$(TARGET_NAME)";
				USER_HEADER_SEARCH_PATHS = "$(SOURCE_ROOT)/**";
				WRAPPER_EXTENSION = app;
			};
			name = Debug;
		};
		A89F097018869ED0008FE4D3 /* Release */ = {
			isa = XCBuildConfiguration;
			buildSettings = {
				ASSETCATALOG_COMPILER_APPICON_NAME = AppIcon;
				ASSETCATALOG_COMPILER_LAUNCHIMAGE_NAME = LaunchImage;
				CODE_SIGN_IDENTITY = "iPhone Developer";
				GCC_PRECOMPILE_PREFIX_HEADER = YES;
				GCC_PREFIX_HEADER = "Streameus/Streameus-Prefix.pch";
				HEADER_SEARCH_PATHS = (
					"$(inherited)",
					/Applications/Xcode.app/Contents/Developer/Toolchains/XcodeDefault.xctoolchain/usr/include,
					$SOURCE_ROOT/include,
				);
				INFOPLIST_FILE = "Streameus/Streameus-Info.plist";
				OTHER_CODE_SIGN_FLAGS = "-gta";
				OTHER_LDFLAGS = "-ObjC";
				PRODUCT_NAME = "$(TARGET_NAME)";
				USER_HEADER_SEARCH_PATHS = "$(SOURCE_ROOT)/**";
				WRAPPER_EXTENSION = app;
			};
			name = Release;
		};
		A89F097218869ED0008FE4D3 /* Debug */ = {
			isa = XCBuildConfiguration;
			buildSettings = {
				BUNDLE_LOADER = "$(BUILT_PRODUCTS_DIR)/Streameus.app/Streameus";
				FRAMEWORK_SEARCH_PATHS = (
					"$(SDKROOT)/Developer/Library/Frameworks",
					"$(inherited)",
					"$(DEVELOPER_FRAMEWORKS_DIR)",
				);
				GCC_PRECOMPILE_PREFIX_HEADER = YES;
				GCC_PREFIX_HEADER = "Streameus/Streameus-Prefix.pch";
				GCC_PREPROCESSOR_DEFINITIONS = (
					"DEBUG=1",
					"$(inherited)",
				);
				INFOPLIST_FILE = "StreameusTests/StreameusTests-Info.plist";
				PRODUCT_NAME = "$(TARGET_NAME)";
				TEST_HOST = "$(BUNDLE_LOADER)";
				USER_HEADER_SEARCH_PATHS = "$(SOURCE_ROOT)/**";
				WRAPPER_EXTENSION = xctest;
			};
			name = Debug;
		};
		A89F097318869ED0008FE4D3 /* Release */ = {
			isa = XCBuildConfiguration;
			buildSettings = {
				BUNDLE_LOADER = "$(BUILT_PRODUCTS_DIR)/Streameus.app/Streameus";
				FRAMEWORK_SEARCH_PATHS = (
					"$(SDKROOT)/Developer/Library/Frameworks",
					"$(inherited)",
					"$(DEVELOPER_FRAMEWORKS_DIR)",
				);
				GCC_PRECOMPILE_PREFIX_HEADER = YES;
				GCC_PREFIX_HEADER = "Streameus/Streameus-Prefix.pch";
				INFOPLIST_FILE = "StreameusTests/StreameusTests-Info.plist";
				PRODUCT_NAME = "$(TARGET_NAME)";
				TEST_HOST = "$(BUNDLE_LOADER)";
				USER_HEADER_SEARCH_PATHS = "$(SOURCE_ROOT)/**";
				WRAPPER_EXTENSION = xctest;
			};
			name = Release;
		};
/* End XCBuildConfiguration section */

/* Begin XCConfigurationList section */
		A89F093718869ED0008FE4D3 /* Build configuration list for PBXProject "Streameus" */ = {
			isa = XCConfigurationList;
			buildConfigurations = (
				A89F096C18869ED0008FE4D3 /* Debug */,
				A89F096D18869ED0008FE4D3 /* Release */,
			);
			defaultConfigurationIsVisible = 0;
			defaultConfigurationName = Release;
		};
		A89F096E18869ED0008FE4D3 /* Build configuration list for PBXNativeTarget "Streameus" */ = {
			isa = XCConfigurationList;
			buildConfigurations = (
				A89F096F18869ED0008FE4D3 /* Debug */,
				A89F097018869ED0008FE4D3 /* Release */,
			);
			defaultConfigurationIsVisible = 0;
			defaultConfigurationName = Release;
		};
		A89F097118869ED0008FE4D3 /* Build configuration list for PBXNativeTarget "StreameusTests" */ = {
			isa = XCConfigurationList;
			buildConfigurations = (
				A89F097218869ED0008FE4D3 /* Debug */,
				A89F097318869ED0008FE4D3 /* Release */,
			);
			defaultConfigurationIsVisible = 0;
			defaultConfigurationName = Release;
		};
/* End XCConfigurationList section */
	};
	rootObject = A89F093418869ED0008FE4D3 /* Project object */;
}
